Microsoft Visual Studio Solution File, Format Version 12.00
# Visual Studio Version 16
VisualStudioVersion = 16.0.29806.167
MinimumVisualStudioVersion = 10.0.40219.1
Project("{9A19103F-16F7-4668-BE54-9A1E7A4F7556}") = "Clearch.WebApp", "src\Clearch.WebApp\Clearch.WebApp.csproj", "{5CCAABF6-A1BD-403A-8CE0-02A08F4688E5}"
EndProject
Project("{FAE04EC0-301F-11D3-BF4B-00C04F79EFBC}") = "Clearch.Infrastructure", "src\Clearch.Infrastructure\Clearch.Infrastructure.csproj", "{9349D60A-DC28-49C4-80E4-8F6F58E3985F}"
EndProject
Project("{FAE04EC0-301F-11D3-BF4B-00C04F79EFBC}") = "Clearch.Domain", "src\Clearch.Domain\Clearch.Domain.csproj", "{52AB72D1-4C94-4FE9-81C4-24CBEF2F272D}"
EndProject
Project("{FAE04EC0-301F-11D3-BF4B-00C04F79EFBC}") = "Clearch.Application", "src\Clearch.Application\Clearch.Application.csproj", "{8E4ED479-5DCB-4EB0-9B4F-0F9CB63EE19E}"
EndProject
Project("{2150E333-8FDC-42A3-9474-1A3956D46DE8}") = "src", "src", "{12B63509-E0CB-4B94-98A6-70A393C53727}"
EndProject
Project("{2150E333-8FDC-42A3-9474-1A3956D46DE8}") = "tests", "tests", "{FA705568-037A-4181-A85E-095431846EE3}"
EndProject
Project("{9A19103F-16F7-4668-BE54-9A1E7A4F7556}") = "Clearch.Domain.Tests", "tests\Clearch.Domain.Tests\Clearch.Domain.Tests.csproj", "{B7D61041-0EE7-4938-9C9F-EBACF99597D8}"
EndProject
Project("{9A19103F-16F7-4668-BE54-9A1E7A4F7556}") = "Clearch.Infrastructure.Tests", "tests\Clearch.Infrastructure.Tests\Clearch.Infrastructure.Tests.csproj", "{A7F056DA-10F0-4A8D-B730-BEF1B0656702}"
EndProject
Global
	GlobalSection(SolutionConfigurationPlatforms) = preSolution
		Debug|Any CPU = Debug|Any CPU
		Release|Any CPU = Release|Any CPU
	EndGlobalSection
	GlobalSection(ProjectConfigurationPlatforms) = postSolution
		{5CCAABF6-A1BD-403A-8CE0-02A08F4688E5}.Debug|Any CPU.ActiveCfg = Debug|Any CPU
		{5CCAABF6-A1BD-403A-8CE0-02A08F4688E5}.Debug|Any CPU.Build.0 = Debug|Any CPU
		{5CCAABF6-A1BD-403A-8CE0-02A08F4688E5}.Release|Any CPU.ActiveCfg = Release|Any CPU
		{5CCAABF6-A1BD-403A-8CE0-02A08F4688E5}.Release|Any CPU.Build.0 = Release|Any CPU
		{9349D60A-DC28-49C4-80E4-8F6F58E3985F}.Debug|Any CPU.ActiveCfg = Debug|Any CPU
		{9349D60A-DC28-49C4-80E4-8F6F58E3985F}.Debug|Any CPU.Build.0 = Debug|Any CPU
		{9349D60A-DC28-49C4-80E4-8F6F58E3985F}.Release|Any CPU.ActiveCfg = Release|Any CPU
		{9349D60A-DC28-49C4-80E4-8F6F58E3985F}.Release|Any CPU.Build.0 = Release|Any CPU
		{52AB72D1-4C94-4FE9-81C4-24CBEF2F272D}.Debug|Any CPU.ActiveCfg = Debug|Any CPU
		{52AB72D1-4C94-4FE9-81C4-24CBEF2F272D}.Debug|Any CPU.Build.0 = Debug|Any CPU
		{52AB72D1-4C94-4FE9-81C4-24CBEF2F272D}.Release|Any CPU.ActiveCfg = Release|Any CPU
		{52AB72D1-4C94-4FE9-81C4-24CBEF2F272D}.Release|Any CPU.Build.0 = Release|Any CPU
		{8E4ED479-5DCB-4EB0-9B4F-0F9CB63EE19E}.Debug|Any CPU.ActiveCfg = Debug|Any CPU
		{8E4ED479-5DCB-4EB0-9B4F-0F9CB63EE19E}.Debug|Any CPU.Build.0 = Debug|Any CPU
		{8E4ED479-5DCB-4EB0-9B4F-0F9CB63EE19E}.Release|Any CPU.ActiveCfg = Release|Any CPU
		{8E4ED479-5DCB-4EB0-9B4F-0F9CB63EE19E}.Release|Any CPU.Build.0 = Release|Any CPU
		{B7D61041-0EE7-4938-9C9F-EBACF99597D8}.Debug|Any CPU.ActiveCfg = Debug|Any CPU
		{B7D61041-0EE7-4938-9C9F-EBACF99597D8}.Debug|Any CPU.Build.0 = Debug|Any CPU
		{B7D61041-0EE7-4938-9C9F-EBACF99597D8}.Release|Any CPU.ActiveCfg = Release|Any CPU
		{B7D61041-0EE7-4938-9C9F-EBACF99597D8}.Release|Any CPU.Build.0 = Release|Any CPU
		{A7F056DA-10F0-4A8D-B730-BEF1B0656702}.Debug|Any CPU.ActiveCfg = Debug|Any CPU
		{A7F056DA-10F0-4A8D-B730-BEF1B0656702}.Debug|Any CPU.Build.0 = Debug|Any CPU
		{A7F056DA-10F0-4A8D-B730-BEF1B0656702}.Release|Any CPU.ActiveCfg = Release|Any CPU
		{A7F056DA-10F0-4A8D-B730-BEF1B0656702}.Release|Any CPU.Build.0 = Release|Any CPU
	EndGlobalSection
	GlobalSection(SolutionProperties) = preSolution
		HideSolutionNode = FALSE
	EndGlobalSection
	GlobalSection(NestedProjects) = preSolution
		{5CCAABF6-A1BD-403A-8CE0-02A08F4688E5} = {12B63509-E0CB-4B94-98A6-70A393C53727}
		{9349D60A-DC28-49C4-80E4-8F6F58E3985F} = {12B63509-E0CB-4B94-98A6-70A393C53727}
		{52AB72D1-4C94-4FE9-81C4-24CBEF2F272D} = {12B63509-E0CB-4B94-98A6-70A393C53727}
		{8E4ED479-5DCB-4EB0-9B4F-0F9CB63EE19E} = {12B63509-E0CB-4B94-98A6-70A393C53727}
		{B7D61041-0EE7-4938-9C9F-EBACF99597D8} = {FA705568-037A-4181-A85E-095431846EE3}
		{A7F056DA-10F0-4A8D-B730-BEF1B0656702} = {FA705568-037A-4181-A85E-095431846EE3}
	EndGlobalSection
	GlobalSection(ExtensibilityGlobals) = postSolution
		SolutionGuid = {9BAD55D8-0AB4-4A26-962B-10D16FECC03B}
	EndGlobalSection
EndGlobal
